
Microsoft Visual Studio Solution File, Format Version 11.00
# Visual Studio 2010
Project("{FAE04EC0-301F-11D3-BF4B-00C04F79EFBC}") = "2D Project", "Assembly-CSharp-firstpass.csproj", "{A8C7100D-7C17-BC76-53CF-74BC068D1C0F}"
EndProject
Project("{FAE04EC0-301F-11D3-BF4B-00C04F79EFBC}") = "2D Project", "Assembly-CSharp.csproj", "{0234739E-46F0-BC40-E736-2B55143FFF1E}"
EndProject
Project("{FAE04EC0-301F-11D3-BF4B-00C04F79EFBC}") = "2D Project", "Assembly-CSharp-Editor-firstpass.csproj", "{7AE6B37E-EA3B-95CA-DCE1-C9B58D1A4276}"
EndProject
Global
	GlobalSection(SolutionConfigurationPlatforms) = preSolution
		Debug|Any CPU = Debug|Any CPU
		Release|Any CPU = Release|Any CPU
	EndGlobalSection
	GlobalSection(ProjectConfigurationPlatforms) = postSolution
		{A8C7100D-7C17-BC76-53CF-74BC068D1C0F}.Debug|Any CPU.ActiveCfg = Debug|Any CPU
		{A8C7100D-7C17-BC76-53CF-74BC068D1C0F}.Debug|Any CPU.Build.0 = Debug|Any CPU
		{A8C7100D-7C17-BC76-53CF-74BC068D1C0F}.Release|Any CPU.ActiveCfg = Release|Any CPU
		{A8C7100D-7C17-BC76-53CF-74BC068D1C0F}.Release|Any CPU.Build.0 = Release|Any CPU
		{0234739E-46F0-BC40-E736-2B55143FFF1E}.Debug|Any CPU.ActiveCfg = Debug|Any CPU
		{0234739E-46F0-BC40-E736-2B55143FFF1E}.Debug|Any CPU.Build.0 = Debug|Any CPU
		{0234739E-46F0-BC40-E736-2B55143FFF1E}.Release|Any CPU.ActiveCfg = Release|Any CPU
		{0234739E-46F0-BC40-E736-2B55143FFF1E}.Release|Any CPU.Build.0 = Release|Any CPU
		{7AE6B37E-EA3B-95CA-DCE1-C9B58D1A4276}.Debug|Any CPU.ActiveCfg = Debug|Any CPU
		{7AE6B37E-EA3B-95CA-DCE1-C9B58D1A4276}.Debug|Any CPU.Build.0 = Debug|Any CPU
		{7AE6B37E-EA3B-95CA-DCE1-C9B58D1A4276}.Release|Any CPU.ActiveCfg = Release|Any CPU
		{7AE6B37E-EA3B-95CA-DCE1-C9B58D1A4276}.Release|Any CPU.Build.0 = Release|Any CPU
	EndGlobalSection
	GlobalSection(SolutionProperties) = preSolution
		HideSolutionNode = FALSE
	EndGlobalSection
	GlobalSection(MonoDevelopProperties) = preSolution
		StartupItem = Assembly-CSharp.csproj
	EndGlobalSection
EndGlobal
