
Microsoft Visual Studio Solution File, Format Version 12.00
# Visual Studio 2017
Project("{FAE04EC0-301F-11D3-BF4B-00C04F79EFBC}") = "2D Project.Plugins", "2D Project.Plugins.csproj", "{F65B5D9F-3278-7E17-5AA1-598806F90BCF}"
EndProject
Project("{FAE04EC0-301F-11D3-BF4B-00C04F79EFBC}") = "2D Project", "2D Project.csproj", "{9BC8AA68-32A2-22EC-8AA4-109D433AB00A}"
EndProject
Project("{FAE04EC0-301F-11D3-BF4B-00C04F79EFBC}") = "2D Project.Editor.Plugins", "2D Project.Editor.Plugins.csproj", "{DE674249-0D7E-9A75-8590-9A87D655D89C}"
EndProject
Global
	GlobalSection(SolutionConfigurationPlatforms) = preSolution
		Debug|Any CPU = Debug|Any CPU
		Release|Any CPU = Release|Any CPU
	EndGlobalSection
	GlobalSection(ProjectConfigurationPlatforms) = postSolution
		{F65B5D9F-3278-7E17-5AA1-598806F90BCF}.Debug|Any CPU.ActiveCfg = Debug|Any CPU
		{F65B5D9F-3278-7E17-5AA1-598806F90BCF}.Debug|Any CPU.Build.0 = Debug|Any CPU
		{F65B5D9F-3278-7E17-5AA1-598806F90BCF}.Release|Any CPU.ActiveCfg = Release|Any CPU
		{F65B5D9F-3278-7E17-5AA1-598806F90BCF}.Release|Any CPU.Build.0 = Release|Any CPU
		{9BC8AA68-32A2-22EC-8AA4-109D433AB00A}.Debug|Any CPU.ActiveCfg = Debug|Any CPU
		{9BC8AA68-32A2-22EC-8AA4-109D433AB00A}.Debug|Any CPU.Build.0 = Debug|Any CPU
		{9BC8AA68-32A2-22EC-8AA4-109D433AB00A}.Release|Any CPU.ActiveCfg = Release|Any CPU
		{9BC8AA68-32A2-22EC-8AA4-109D433AB00A}.Release|Any CPU.Build.0 = Release|Any CPU
		{DE674249-0D7E-9A75-8590-9A87D655D89C}.Debug|Any CPU.ActiveCfg = Debug|Any CPU
		{DE674249-0D7E-9A75-8590-9A87D655D89C}.Debug|Any CPU.Build.0 = Debug|Any CPU
		{DE674249-0D7E-9A75-8590-9A87D655D89C}.Release|Any CPU.ActiveCfg = Release|Any CPU
		{DE674249-0D7E-9A75-8590-9A87D655D89C}.Release|Any CPU.Build.0 = Release|Any CPU
	EndGlobalSection
	GlobalSection(SolutionProperties) = preSolution
		HideSolutionNode = FALSE
	EndGlobalSection
EndGlobal
